
Microsoft Visual Studio Solution File, Format Version 12.00
# Visual Studio Version 16
VisualStudioVersion = 16.0.31702.278
MinimumVisualStudioVersion = 10.0.40219.1
Project("{FAE04EC0-301F-11D3-BF4B-00C04F79EFBC}") = "TP03", "TP03\TP03.csproj", "{E67F758D-72DD-4CB7-A70B-081C8577F0B7}"
EndProject
Global
	GlobalSection(SolutionConfigurationPlatforms) = preSolution
		Debug|Any CPU = Debug|Any CPU
		Release|Any CPU = Release|Any CPU
	EndGlobalSection
	GlobalSection(ProjectConfigurationPlatforms) = postSolution
		{E67F758D-72DD-4CB7-A70B-081C8577F0B7}.Debug|Any CPU.ActiveCfg = Debug|Any CPU
		{E67F758D-72DD-4CB7-A70B-081C8577F0B7}.Debug|Any CPU.Build.0 = Debug|Any CPU
		{E67F758D-72DD-4CB7-A70B-081C8577F0B7}.Release|Any CPU.ActiveCfg = Release|Any CPU
		{E67F758D-72DD-4CB7-A70B-081C8577F0B7}.Release|Any CPU.Build.0 = Release|Any CPU
	EndGlobalSection
	GlobalSection(SolutionProperties) = preSolution
		HideSolutionNode = FALSE
	EndGlobalSection
	GlobalSection(ExtensibilityGlobals) = postSolution
		SolutionGuid = {0CABE41B-F5EF-4012-AE74-471A18C5140C}
	EndGlobalSection
EndGlobal
